
Microsoft Visual Studio Solution File, Format Version 12.00
# Visual Studio Version 17
VisualStudioVersion = 17.4.33122.133
MinimumVisualStudioVersion = 10.0.40219.1
Project("{FAE04EC0-301F-11D3-BF4B-00C04F79EFBC}") = "AutoHardLink", "AutoHardLink\AutoHardLink.csproj", "{A81CAF9F-CEE3-437D-97D3-5E9CDCAE7327}"
EndProject
Global
	GlobalSection(SolutionConfigurationPlatforms) = preSolution
		Debug|Any CPU = Debug|Any CPU
		Release|Any CPU = Release|Any CPU
	EndGlobalSection
	GlobalSection(ProjectConfigurationPlatforms) = postSolution
		{A81CAF9F-CEE3-437D-97D3-5E9CDCAE7327}.Debug|Any CPU.ActiveCfg = Debug|Any CPU
		{A81CAF9F-CEE3-437D-97D3-5E9CDCAE7327}.Debug|Any CPU.Build.0 = Debug|Any CPU
		{A81CAF9F-CEE3-437D-97D3-5E9CDCAE7327}.Release|Any CPU.ActiveCfg = Release|Any CPU
		{A81CAF9F-CEE3-437D-97D3-5E9CDCAE7327}.Release|Any CPU.Build.0 = Release|Any CPU
	EndGlobalSection
	GlobalSection(SolutionProperties) = preSolution
		HideSolutionNode = FALSE
	EndGlobalSection
	GlobalSection(ExtensibilityGlobals) = postSolution
		SolutionGuid = {3DFE4F93-F1F0-4156-ADDD-58F03A3D3125}
	EndGlobalSection
EndGlobal
